
Microsoft Visual Studio Solution File, Format Version 12.00
# Visual Studio Version 17
VisualStudioVersion = 17.14.36414.22 d17.14
MinimumVisualStudioVersion = 10.0.40219.1
Project("{FAE04EC0-301F-11D3-BF4B-00C04F79EFBC}") = "TareasMVC", "TareasMVC.csproj", "{53C00AEF-D533-432B-9911-7E48EAADF072}"
EndProject
Global
	GlobalSection(SolutionConfigurationPlatforms) = preSolution
		Debug|Any CPU = Debug|Any CPU
		Release|Any CPU = Release|Any CPU
	EndGlobalSection
	GlobalSection(ProjectConfigurationPlatforms) = postSolution
		{53C00AEF-D533-432B-9911-7E48EAADF072}.Debug|Any CPU.ActiveCfg = Debug|Any CPU
		{53C00AEF-D533-432B-9911-7E48EAADF072}.Debug|Any CPU.Build.0 = Debug|Any CPU
		{53C00AEF-D533-432B-9911-7E48EAADF072}.Release|Any CPU.ActiveCfg = Release|Any CPU
		{53C00AEF-D533-432B-9911-7E48EAADF072}.Release|Any CPU.Build.0 = Release|Any CPU
	EndGlobalSection
	GlobalSection(SolutionProperties) = preSolution
		HideSolutionNode = FALSE
	EndGlobalSection
	GlobalSection(ExtensibilityGlobals) = postSolution
		SolutionGuid = {80D4DE60-151D-4DB1-82D3-FB01186A811E}
	EndGlobalSection
EndGlobal
